github.com/hatchify/mod-common v0.4.76 h1:y/zAt1OVgB4TzQLzIXrP0VUf5QKfPCluOOpG8CInDQg=
github.com/hatchify/mod-common v0.4.76/go.mod h1:2FN3hgxxHLDz+hy3adP+PyyrdUYX1iSXsh5AccQuvIY=
github.com/hatchify/mod-sort v0.4.76 h1:415w9SvL0pf16x+nqVrUjhHJZDhLk84balTC3AkiVQE=
github.com/hatchify/mod-sort v0.4.76/go.mod h1:dl/VRJK0xQrywhBgeR7VcK+PgKQDnEiO0pcZoGsvdjs=
